// !$*UTF8*$!
{
	archiveVersion = 1;
	classes = {
	};
	objectVersion = 46;
	objects = {

/* Begin PBXBuildFile section */
		1742F3731ADEBDC800176528 /* EnemyShip.swift in Sources */ = {isa = PBXBuildFile; fileRef = 1742F3721ADEBDC800176528 /* EnemyShip.swift */; };
		1742F3751ADEDFD200176528 /* Missile.swift in Sources */ = {isa = PBXBuildFile; fileRef = 1742F3741ADEDFD200176528 /* Missile.swift */; };
		1742F3781ADEE90D00176528 /* EnemyMissile.swift in Sources */ = {isa = PBXBuildFile; fileRef = 1742F3771ADEE90D00176528 /* EnemyMissile.swift */; };
		1742F37B1ADEEEEA00176528 /* Explosion.sks in Resources */ = {isa = PBXBuildFile; fileRef = 1742F3791ADEEEEA00176528 /* Explosion.sks */; };
		1742F37C1ADEEEEA00176528 /* spark.png in Resources */ = {isa = PBXBuildFile; fileRef = 1742F37A1ADEEEEA00176528 /* spark.png */; };
		1742F3801ADEF7E100176528 /* GlobalConstants.swift in Sources */ = {isa = PBXBuildFile; fileRef = 1742F37F1ADEF7E100176528 /* GlobalConstants.swift */; };
		17439C7A1ACC2F62002AA3F8 /* Spaceship.swift in Sources */ = {isa = PBXBuildFile; fileRef = 17439C791ACC2F62002AA3F8 /* Spaceship.swift */; };
		1761337B1AFD3B5200A8946A /* GalacticJam.m4a in Resources */ = {isa = PBXBuildFile; fileRef = 1761337A1AFD3B5200A8946A /* GalacticJam.m4a */; };
		1761337E1AFD3C0F00A8946A /* SpaceshipExplosion.sks in Resources */ = {isa = PBXBuildFile; fileRef = 1761337D1AFD3C0F00A8946A /* SpaceshipExplosion.sks */; };
		1775044D1AEA722200B32F47 /* EnemyShipManager.swift in Sources */ = {isa = PBXBuildFile; fileRef = 1775044C1AEA722200B32F47 /* EnemyShipManager.swift */; };
		17754C391AF3F6A900CEB4A6 /* GameOverScene.swift in Sources */ = {isa = PBXBuildFile; fileRef = 17754C381AF3F6A900CEB4A6 /* GameOverScene.swift */; };
		17E6729E1ACA0CC3000FDEDD /* AppDelegate.swift in Sources */ = {isa = PBXBuildFile; fileRef = 17E6729D1ACA0CC3000FDEDD /* AppDelegate.swift */; };
		17E672A01ACA0CC3000FDEDD /* GameScene.sks in Resources */ = {isa = PBXBuildFile; fileRef = 17E6729F1ACA0CC3000FDEDD /* GameScene.sks */; };
		17E672A21ACA0CC3000FDEDD /* GameScene.swift in Sources */ = {isa = PBXBuildFile; fileRef = 17E672A11ACA0CC3000FDEDD /* GameScene.swift */; };
		17E672A41ACA0CC3000FDEDD /* GameViewController.swift in Sources */ = {isa = PBXBuildFile; fileRef = 17E672A31ACA0CC3000FDEDD /* GameViewController.swift */; };
		17E672A71ACA0CC3000FDEDD /* Main.storyboard in Resources */ = {isa = PBXBuildFile; fileRef = 17E672A51ACA0CC3000FDEDD /* Main.storyboard */; };
		17E672A91ACA0CC3000FDEDD /* Images.xcassets in Resources */ = {isa = PBXBuildFile; fileRef = 17E672A81ACA0CC3000FDEDD /* Images.xcassets */; };
		17E672AC1ACA0CC3000FDEDD /* LaunchScreen.xib in Resources */ = {isa = PBXBuildFile; fileRef = 17E672AA1ACA0CC3000FDEDD /* LaunchScreen.xib */; };
		17E672B81ACA0CC4000FDEDD /* GalacticTests.swift in Sources */ = {isa = PBXBuildFile; fileRef = 17E672B71ACA0CC4000FDEDD /* GalacticTests.swift */; };
/* End PBXBuildFile section */

/* Begin PBXContainerItemProxy section */
		17E672B21ACA0CC3000FDEDD /* PBXContainerItemProxy */ = {
			isa = PBXContainerItemProxy;
			containerPortal = 17E672901ACA0CC3000FDEDD /* Project object */;
			proxyType = 1;
			remoteGlobalIDString = 17E672971ACA0CC3000FDEDD;
			remoteInfo = Galactic;
		};
/* End PBXContainerItemProxy section */

/* Begin PBXFileReference section */
		1742F3721ADEBDC800176528 /* EnemyShip.swift */ = {isa = PBXFileReference; fileEncoding = 4; lastKnownFileType = sourcecode.swift; path = EnemyShip.swift; sourceTree = "<group>"; };
		1742F3741ADEDFD200176528 /* Missile.swift */ = {isa = PBXFileReference; fileEncoding = 4; lastKnownFileType = sourcecode.swift; path = Missile.swift; sourceTree = "<group>"; };
		1742F3771ADEE90D00176528 /* EnemyMissile.swift */ = {isa = PBXFileReference; fileEncoding = 4; lastKnownFileType = sourcecode.swift; path = EnemyMissile.swift; sourceTree = "<group>"; };
		1742F3791ADEEEEA00176528 /* Explosion.sks */ = {isa = PBXFileReference; lastKnownFileType = file.sks; path = Explosion.sks; sourceTree = "<group>"; };
		1742F37A1ADEEEEA00176528 /* spark.png */ = {isa = PBXFileReference; lastKnownFileType = image.png; path = spark.png; sourceTree = "<group>"; };
		1742F37F1ADEF7E100176528 /* GlobalConstants.swift */ = {isa = PBXFileReference; fileEncoding = 4; lastKnownFileType = sourcecode.swift; path = GlobalConstants.swift; sourceTree = "<group>"; };
		17439C791ACC2F62002AA3F8 /* Spaceship.swift */ = {isa = PBXFileReference; fileEncoding = 4; lastKnownFileType = sourcecode.swift; path = Spaceship.swift; sourceTree = "<group>"; };
		1761337A1AFD3B5200A8946A /* GalacticJam.m4a */ = {isa = PBXFileReference; lastKnownFileType = file; path = GalacticJam.m4a; sourceTree = "<group>"; };
		1761337D1AFD3C0F00A8946A /* SpaceshipExplosion.sks */ = {isa = PBXFileReference; lastKnownFileType = file.sks; path = SpaceshipExplosion.sks; sourceTree = "<group>"; };
		1775044C1AEA722200B32F47 /* EnemyShipManager.swift */ = {isa = PBXFileReference; fileEncoding = 4; lastKnownFileType = sourcecode.swift; path = EnemyShipManager.swift; sourceTree = "<group>"; };
		17754C381AF3F6A900CEB4A6 /* GameOverScene.swift */ = {isa = PBXFileReference; fileEncoding = 4; lastKnownFileType = sourcecode.swift; path = GameOverScene.swift; sourceTree = "<group>"; };
		17E672981ACA0CC3000FDEDD /* Galactic.app */ = {isa = PBXFileReference; explicitFileType = wrapper.application; includeInIndex = 0; path = Galactic.app; sourceTree = BUILT_PRODUCTS_DIR; };
		17E6729C1ACA0CC3000FDEDD /* Info.plist */ = {isa = PBXFileReference; lastKnownFileType = text.plist.xml; path = Info.plist; sourceTree = "<group>"; };
		17E6729D1ACA0CC3000FDEDD /* AppDelegate.swift */ = {isa = PBXFileReference; lastKnownFileType = sourcecode.swift; path = AppDelegate.swift; sourceTree = "<group>"; };
		17E6729F1ACA0CC3000FDEDD /* GameScene.sks */ = {isa = PBXFileReference; lastKnownFileType = file.sks; path = GameScene.sks; sourceTree = "<group>"; };
		17E672A11ACA0CC3000FDEDD /* GameScene.swift */ = {isa = PBXFileReference; lastKnownFileType = sourcecode.swift; path = GameScene.swift; sourceTree = "<group>"; };
		17E672A31ACA0CC3000FDEDD /* GameViewController.swift */ = {isa = PBXFileReference; lastKnownFileType = sourcecode.swift; path = GameViewController.swift; sourceTree = "<group>"; };
		17E672A61ACA0CC3000FDEDD /* Base */ = {isa = PBXFileReference; lastKnownFileType = file.storyboard; name = Base; path = Base.lproj/Main.storyboard; sourceTree = "<group>"; };
		17E672A81ACA0CC3000FDEDD /* Images.xcassets */ = {isa = PBXFileReference; lastKnownFileType = folder.assetcatalog; path = Images.xcassets; sourceTree = "<group>"; };
		17E672AB1ACA0CC3000FDEDD /* Base */ = {isa = PBXFileReference; lastKnownFileType = file.xib; name = Base; path = Base.lproj/LaunchScreen.xib; sourceTree = "<group>"; };
		17E672B11ACA0CC3000FDEDD /* GalacticTests.xctest */ = {isa = PBXFileReference; explicitFileType = wrapper.cfbundle; includeInIndex = 0; path = GalacticTests.xctest; sourceTree = BUILT_PRODUCTS_DIR; };
		17E672B61ACA0CC3000FDEDD /* Info.plist */ = {isa = PBXFileReference; lastKnownFileType = text.plist.xml; path = Info.plist; sourceTree = "<group>"; };
		17E672B71ACA0CC4000FDEDD /* GalacticTests.swift */ = {isa = PBXFileReference; lastKnownFileType = sourcecode.swift; path = GalacticTests.swift; sourceTree = "<group>"; };
/* End PBXFileReference section */

/* Begin PBXFrameworksBuildPhase section */
		17E672951ACA0CC3000FDEDD /* Frameworks */ = {
			isa = PBXFrameworksBuildPhase;
			buildActionMask = 2147483647;
			files = (
			);
			runOnlyForDeploymentPostprocessing = 0;
		};
		17E672AE1ACA0CC3000FDEDD /* Frameworks */ = {
			isa = PBXFrameworksBuildPhase;
			buildActionMask = 2147483647;
			files = (
			);
			runOnlyForDeploymentPostprocessing = 0;
		};
/* End PBXFrameworksBuildPhase section */

/* Begin PBXGroup section */
		1742F3761ADEE8DE00176528 /* Supporting Classes */ = {
			isa = PBXGroup;
			children = (
				1742F37F1ADEF7E100176528 /* GlobalConstants.swift */,
				1775044E1AEA724300B32F47 /* EnemyShip */,
				1775044F1AEA725700B32F47 /* Spaceship */,
			);
			name = "Supporting Classes";
			sourceTree = "<group>";
		};
		1742F37D1ADEEFAE00176528 /* Particles */ = {
			isa = PBXGroup;
			children = (
				1761337C1AFD3B8500A8946A /* SpaceShip-Explosion */,
				1742F37E1ADEF16000176528 /* EnemyShip-Explosion */,
			);
			name = Particles;
			sourceTree = "<group>";
		};
		1742F37E1ADEF16000176528 /* EnemyShip-Explosion */ = {
			isa = PBXGroup;
			children = (
				1742F3791ADEEEEA00176528 /* Explosion.sks */,
				1742F37A1ADEEEEA00176528 /* spark.png */,
			);
			name = "EnemyShip-Explosion";
			sourceTree = "<group>";
		};
		1761337C1AFD3B8500A8946A /* SpaceShip-Explosion */ = {
			isa = PBXGroup;
			children = (
				1761337D1AFD3C0F00A8946A /* SpaceshipExplosion.sks */,
			);
			name = "SpaceShip-Explosion";
			sourceTree = "<group>";
		};
		1775044E1AEA724300B32F47 /* EnemyShip */ = {
			isa = PBXGroup;
			children = (
				1742F3721ADEBDC800176528 /* EnemyShip.swift */,
				1775044C1AEA722200B32F47 /* EnemyShipManager.swift */,
				1742F3771ADEE90D00176528 /* EnemyMissile.swift */,
			);
			name = EnemyShip;
			sourceTree = "<group>";
		};
		1775044F1AEA725700B32F47 /* Spaceship */ = {
			isa = PBXGroup;
			children = (
				17439C791ACC2F62002AA3F8 /* Spaceship.swift */,
				1742F3741ADEDFD200176528 /* Missile.swift */,
			);
			name = Spaceship;
			sourceTree = "<group>";
		};
		17E6728F1ACA0CC3000FDEDD = {
			isa = PBXGroup;
			children = (
				17E6729A1ACA0CC3000FDEDD /* Galactic */,
				17E672B41ACA0CC3000FDEDD /* GalacticTests */,
				17E672991ACA0CC3000FDEDD /* Products */,
			);
			sourceTree = "<group>";
		};
		17E672991ACA0CC3000FDEDD /* Products */ = {
			isa = PBXGroup;
			children = (
				17E672981ACA0CC3000FDEDD /* Galactic.app */,
				17E672B11ACA0CC3000FDEDD /* GalacticTests.xctest */,
			);
			name = Products;
			sourceTree = "<group>";
		};
		17E6729A1ACA0CC3000FDEDD /* Galactic */ = {
			isa = PBXGroup;
			children = (
				1742F37D1ADEEFAE00176528 /* Particles */,
				1742F3761ADEE8DE00176528 /* Supporting Classes */,
				17E6729D1ACA0CC3000FDEDD /* AppDelegate.swift */,
				17E6729F1ACA0CC3000FDEDD /* GameScene.sks */,
				17E672A11ACA0CC3000FDEDD /* GameScene.swift */,
				17E672A31ACA0CC3000FDEDD /* GameViewController.swift */,
				17E672A51ACA0CC3000FDEDD /* Main.storyboard */,
				17E672A81ACA0CC3000FDEDD /* Images.xcassets */,
				17E672AA1ACA0CC3000FDEDD /* LaunchScreen.xib */,
				17E6729B1ACA0CC3000FDEDD /* Supporting Files */,
				17754C381AF3F6A900CEB4A6 /* GameOverScene.swift */,
			);
			path = Galactic;
			sourceTree = "<group>";
		};
		17E6729B1ACA0CC3000FDEDD /* Supporting Files */ = {
			isa = PBXGroup;
			children = (
				1761337A1AFD3B5200A8946A /* GalacticJam.m4a */,
				17E6729C1ACA0CC3000FDEDD /* Info.plist */,
			);
			name = "Supporting Files";
			sourceTree = "<group>";
		};
		17E672B41ACA0CC3000FDEDD /* GalacticTests */ = {
			isa = PBXGroup;
			children = (
				17E672B71ACA0CC4000FDEDD /* GalacticTests.swift */,
				17E672B51ACA0CC3000FDEDD /* Supporting Files */,
			);
			path = GalacticTests;
			sourceTree = "<group>";
		};
		17E672B51ACA0CC3000FDEDD /* Supporting Files */ = {
			isa = PBXGroup;
			children = (
				17E672B61ACA0CC3000FDEDD /* Info.plist */,
			);
			name = "Supporting Files";
			sourceTree = "<group>";
		};
/* End PBXGroup section */

/* Begin PBXNativeTarget section */
		17E672971ACA0CC3000FDEDD /* Galactic */ = {
			isa = PBXNativeTarget;
			buildConfigurationList = 17E672BB1ACA0CC4000FDEDD /* Build configuration list for PBXNativeTarget "Galactic" */;
			buildPhases = (
				17E672941ACA0CC3000FDEDD /* Sources */,
				17E672951ACA0CC3000FDEDD /* Frameworks */,
				17E672961ACA0CC3000FDEDD /* Resources */,
			);
			buildRules = (
			);
			dependencies = (
			);
			name = Galactic;
			productName = Galactic;
			productReference = 17E672981ACA0CC3000FDEDD /* Galactic.app */;
			productType = "com.apple.product-type.application";
		};
		17E672B01ACA0CC3000FDEDD /* GalacticTests */ = {
			isa = PBXNativeTarget;
			buildConfigurationList = 17E672BE1ACA0CC4000FDEDD /* Build configuration list for PBXNativeTarget "GalacticTests" */;
			buildPhases = (
				17E672AD1ACA0CC3000FDEDD /* Sources */,
				17E672AE1ACA0CC3000FDEDD /* Frameworks */,
				17E672AF1ACA0CC3000FDEDD /* Resources */,
			);
			buildRules = (
			);
			dependencies = (
				17E672B31ACA0CC3000FDEDD /* PBXTargetDependency */,
			);
			name = GalacticTests;
			productName = GalacticTests;
			productReference = 17E672B11ACA0CC3000FDEDD /* GalacticTests.xctest */;
			productType = "com.apple.product-type.bundle.unit-test";
		};
/* End PBXNativeTarget section */

/* Begin PBXProject section */
		17E672901ACA0CC3000FDEDD /* Project object */ = {
			isa = PBXProject;
			attributes = {
				LastUpgradeCheck = 0620;
				ORGANIZATIONNAME = "Jordan Conner";
				TargetAttributes = {
					17E672971ACA0CC3000FDEDD = {
						CreatedOnToolsVersion = 6.2;
					};
					17E672B01ACA0CC3000FDEDD = {
						CreatedOnToolsVersion = 6.2;
						TestTargetID = 17E672971ACA0CC3000FDEDD;
					};
				};
			};
			buildConfigurationList = 17E672931ACA0CC3000FDEDD /* Build configuration list for PBXProject "Galactic" */;
			compatibilityVersion = "Xcode 3.2";
			developmentRegion = English;
			hasScannedForEncodings = 0;
			knownRegions = (
				en,
				Base,
			);
			mainGroup = 17E6728F1ACA0CC3000FDEDD;
			productRefGroup = 17E672991ACA0CC3000FDEDD /* Products */;
			projectDirPath = "";
			projectRoot = "";
			targets = (
				17E672971ACA0CC3000FDEDD /* Galactic */,
				17E672B01ACA0CC3000FDEDD /* GalacticTests */,
			);
		};
/* End PBXProject section */

/* Begin PBXResourcesBuildPhase section */
		17E672961ACA0CC3000FDEDD /* Resources */ = {
			isa = PBXResourcesBuildPhase;
			buildActionMask = 2147483647;
			files = (
				17E672AC1ACA0CC3000FDEDD /* LaunchScreen.xib in Resources */,
				1742F37C1ADEEEEA00176528 /* spark.png in Resources */,
				17E672A91ACA0CC3000FDEDD /* Images.xcassets in Resources */,
				1742F37B1ADEEEEA00176528 /* Explosion.sks in Resources */,
				17E672A01ACA0CC3000FDEDD /* GameScene.sks in Resources */,
				17E672A71ACA0CC3000FDEDD /* Main.storyboard in Resources */,
				1761337E1AFD3C0F00A8946A /* SpaceshipExplosion.sks in Resources */,
				1761337B1AFD3B5200A8946A /* GalacticJam.m4a in Resources */,
			);
			runOnlyForDeploymentPostprocessing = 0;
		};
		17E672AF1ACA0CC3000FDEDD /* Resources */ = {
			isa = PBXResourcesBuildPhase;
			buildActionMask = 2147483647;
			files = (
			);
			runOnlyForDeploymentPostprocessing = 0;
		};
/* End PBXResourcesBuildPhase section */

/* Begin PBXSourcesBuildPhase section */
		17E672941ACA0CC3000FDEDD /* Sources */ = {
			isa = PBXSourcesBuildPhase;
			buildActionMask = 2147483647;
			files = (
				17754C391AF3F6A900CEB4A6 /* GameOverScene.swift in Sources */,
				1742F3731ADEBDC800176528 /* EnemyShip.swift in Sources */,
				17E672A21ACA0CC3000FDEDD /* GameScene.swift in Sources */,
				17E672A41ACA0CC3000FDEDD /* GameViewController.swift in Sources */,
				17439C7A1ACC2F62002AA3F8 /* Spaceship.swift in Sources */,
				1742F3751ADEDFD200176528 /* Missile.swift in Sources */,
				1742F3781ADEE90D00176528 /* EnemyMissile.swift in Sources */,
				1742F3801ADEF7E100176528 /* GlobalConstants.swift in Sources */,
				1775044D1AEA722200B32F47 /* EnemyShipManager.swift in Sources */,
				17E6729E1ACA0CC3000FDEDD /* AppDelegate.swift in Sources */,
			);
			runOnlyForDeploymentPostprocessing = 0;
		};
		17E672AD1ACA0CC3000FDEDD /* Sources */ = {
			isa = PBXSourcesBuildPhase;
			buildActionMask = 2147483647;
			files = (
				17E672B81ACA0CC4000FDEDD /* GalacticTests.swift in Sources */,
			);
			runOnlyForDeploymentPostprocessing = 0;
		};
/* End PBXSourcesBuildPhase section */

/* Begin PBXTargetDependency section */
		17E672B31ACA0CC3000FDEDD /* PBXTargetDependency */ = {
			isa = PBXTargetDependency;
			target = 17E672971ACA0CC3000FDEDD /* Galactic */;
			targetProxy = 17E672B21ACA0CC3000FDEDD /* PBXContainerItemProxy */;
		};
/* End PBXTargetDependency section */

/* Begin PBXVariantGroup section */
		17E672A51ACA0CC3000FDEDD /* Main.storyboard */ = {
			isa = PBXVariantGroup;
			children = (
				17E672A61ACA0CC3000FDEDD /* Base */,
			);
			name = Main.storyboard;
			sourceTree = "<group>";
		};
		17E672AA1ACA0CC3000FDEDD /* LaunchScreen.xib */ = {
			isa = PBXVariantGroup;
			children = (
				17E672AB1ACA0CC3000FDEDD /* Base */,
			);
			name = LaunchScreen.xib;
			sourceTree = "<group>";
		};
/* End PBXVariantGroup section */

/* Begin XCBuildConfiguration section */
		17E672B91ACA0CC4000FDEDD /* Debug */ = {
			isa = XCBuildConfiguration;
			buildSettings = {
				ALWAYS_SEARCH_USER_PATHS = NO;
				CLANG_CXX_LANGUAGE_STANDARD = "gnu++0x";
				CLANG_CXX_LIBRARY = "libc++";
				CLANG_ENABLE_MODULES = YES;
				CLANG_ENABLE_OBJC_ARC = YES;
				CLANG_WARN_BOOL_CONVERSION = YES;
				CLANG_WARN_CONSTANT_CONVERSION = YES;
				CLANG_WARN_DIRECT_OBJC_ISA_USAGE = YES_ERROR;
				CLANG_WARN_EMPTY_BODY = YES;
				CLANG_WARN_ENUM_CONVERSION = YES;
				CLANG_WARN_INT_CONVERSION = YES;
				CLANG_WARN_OBJC_ROOT_CLASS = YES_ERROR;
				CLANG_WARN_UNREACHABLE_CODE = YES;
				CLANG_WARN__DUPLICATE_METHOD_MATCH = YES;
				"CODE_SIGN_IDENTITY[sdk=iphoneos*]" = "iPhone Developer";
				COPY_PHASE_STRIP = NO;
				ENABLE_STRICT_OBJC_MSGSEND = YES;
				GCC_C_LANGUAGE_STANDARD = gnu99;
				GCC_DYNAMIC_NO_PIC = NO;
				GCC_OPTIMIZATION_LEVEL = 0;
				GCC_PREPROCESSOR_DEFINITIONS = (
					"DEBUG=1",
					"$(inherited)",
				);
				GCC_SYMBOLS_PRIVATE_EXTERN = NO;
				GCC_WARN_64_TO_32_BIT_CONVERSION = YES;
				GCC_WARN_ABOUT_RETURN_TYPE = YES_ERROR;
				GCC_WARN_UNDECLARED_SELECTOR = YES;
				GCC_WARN_UNINITIALIZED_AUTOS = YES_AGGRESSIVE;
				GCC_WARN_UNUSED_FUNCTION = YES;
				GCC_WARN_UNUSED_VARIABLE = YES;
				IPHONEOS_DEPLOYMENT_TARGET = 8.2;
				MTL_ENABLE_DEBUG_INFO = YES;
				ONLY_ACTIVE_ARCH = YES;
				SDKROOT = iphoneos;
				SWIFT_OPTIMIZATION_LEVEL = "-Onone";
			};
			name = Debug;
		};
		17E672BA1ACA0CC4000FDEDD /* Release */ = {
			isa = XCBuildConfiguration;
			buildSettings = {
				ALWAYS_SEARCH_USER_PATHS = NO;
				CLANG_CXX_LANGUAGE_STANDARD = "gnu++0x";
				CLANG_CXX_LIBRARY = "libc++";
				CLANG_ENABLE_MODULES = YES;
				CLANG_ENABLE_OBJC_ARC = YES;
				CLANG_WARN_BOOL_CONVERSION = YES;
				CLANG_WARN_CONSTANT_CONVERSION = YES;
				CLANG_WARN_DIRECT_OBJC_ISA_USAGE = YES_ERROR;
				CLANG_WARN_EMPTY_BODY = YES;
				CLANG_WARN_ENUM_CONVERSION = YES;
				CLANG_WARN_INT_CONVERSION = YES;
				CLANG_WARN_OBJC_ROOT_CLASS = YES_ERROR;
				CLANG_WARN_UNREACHABLE_CODE = YES;
				CLANG_WARN__DUPLICATE_METHOD_MATCH = YES;
				"CODE_SIGN_IDENTITY[sdk=iphoneos*]" = "iPhone Developer";
				COPY_PHASE_STRIP = NO;
				ENABLE_NS_ASSERTIONS = NO;
				ENABLE_STRICT_OBJC_MSGSEND = YES;
				GCC_C_LANGUAGE_STANDARD = gnu99;
				GCC_WARN_64_TO_32_BIT_CONVERSION = YES;
				GCC_WARN_ABOUT_RETURN_TYPE = YES_ERROR;
				GCC_WARN_UNDECLARED_SELECTOR = YES;
				GCC_WARN_UNINITIALIZED_AUTOS = YES_AGGRESSIVE;
				GCC_WARN_UNUSED_FUNCTION = YES;
				GCC_WARN_UNUSED_VARIABLE = YES;
				IPHONEOS_DEPLOYMENT_TARGET = 8.2;
				MTL_ENABLE_DEBUG_INFO = NO;
				SDKROOT = iphoneos;
				VALIDATE_PRODUCT = YES;
			};
			name = Release;
		};
		17E672BC1ACA0CC4000FDEDD /* Debug */ = {
			isa = XCBuildConfiguration;
			buildSettings = {
				ASSETCATALOG_COMPILER_APPICON_NAME = AppIcon;
				INFOPLIST_FILE = Galactic/Info.plist;
				LD_RUNPATH_SEARCH_PATHS = "$(inherited) @executable_path/Frameworks";
				PRODUCT_NAME = "$(TARGET_NAME)";
				TARGETED_DEVICE_FAMILY = "1,2";
			};
			name = Debug;
		};
		17E672BD1ACA0CC4000FDEDD /* Release */ = {
			isa = XCBuildConfiguration;
			buildSettings = {
				ASSETCATALOG_COMPILER_APPICON_NAME = AppIcon;
				INFOPLIST_FILE = Galactic/Info.plist;
				LD_RUNPATH_SEARCH_PATHS = "$(inherited) @executable_path/Frameworks";
				PRODUCT_NAME = "$(TARGET_NAME)";
				TARGETED_DEVICE_FAMILY = "1,2";
			};
			name = Release;
		};
		17E672BF1ACA0CC4000FDEDD /* Debug */ = {
			isa = XCBuildConfiguration;
			buildSettings = {
				BUNDLE_LOADER = "$(TEST_HOST)";
				FRAMEWORK_SEARCH_PATHS = (
					"$(SDKROOT)/Developer/Library/Frameworks",
					"$(inherited)",
				);
				GCC_PREPROCESSOR_DEFINITIONS = (
					"DEBUG=1",
					"$(inherited)",
				);
				INFOPLIST_FILE = GalacticTests/Info.plist;
				LD_RUNPATH_SEARCH_PATHS = "$(inherited) @executable_path/Frameworks @loader_path/Frameworks";
				PRODUCT_NAME = "$(TARGET_NAME)";
				TEST_HOST = "$(BUILT_PRODUCTS_DIR)/Galactic.app/Galactic";
			};
			name = Debug;
		};
		17E672C01ACA0CC4000FDEDD /* Release */ = {
			isa = XCBuildConfiguration;
			buildSettings = {
				BUNDLE_LOADER = "$(TEST_HOST)";
				FRAMEWORK_SEARCH_PATHS = (
					"$(SDKROOT)/Developer/Library/Frameworks",
					"$(inherited)",
				);
				INFOPLIST_FILE = GalacticTests/Info.plist;
				LD_RUNPATH_SEARCH_PATHS = "$(inherited) @executable_path/Frameworks @loader_path/Frameworks";
				PRODUCT_NAME = "$(TARGET_NAME)";
				TEST_HOST = "$(BUILT_PRODUCTS_DIR)/Galactic.app/Galactic";
			};
			name = Release;
		};
/* End XCBuildConfiguration section */

/* Begin XCConfigurationList section */
		17E672931ACA0CC3000FDEDD /* Build configuration list for PBXProject "Galactic" */ = {
			isa = XCConfigurationList;
			buildConfigurations = (
				17E672B91ACA0CC4000FDEDD /* Debug */,
				17E672BA1ACA0CC4000FDEDD /* Release */,
			);
			defaultConfigurationIsVisible = 0;
			defaultConfigurationName = Release;
		};
		17E672BB1ACA0CC4000FDEDD /* Build configuration list for PBXNativeTarget "Galactic" */ = {
			isa = XCConfigurationList;
			buildConfigurations = (
				17E672BC1ACA0CC4000FDEDD /* Debug */,
				17E672BD1ACA0CC4000FDEDD /* Release */,
			);
			defaultConfigurationIsVisible = 0;
			defaultConfigurationName = Release;
		};
		17E672BE1ACA0CC4000FDEDD /* Build configuration list for PBXNativeTarget "GalacticTests" */ = {
			isa = XCConfigurationList;
			buildConfigurations = (
				17E672BF1ACA0CC4000FDEDD /* Debug */,
				17E672C01ACA0CC4000FDEDD /* Release */,
			);
			defaultConfigurationIsVisible = 0;
			defaultConfigurationName = Release;
		};
/* End XCConfigurationList section */
	};
	rootObject = 17E672901ACA0CC3000FDEDD /* Project object */;
}
